
Microsoft Visual Studio Solution File, Format Version 12.00
# Visual Studio Version 17
VisualStudioVersion = 17.7.34202.233
MinimumVisualStudioVersion = 10.0.40219.1
Project("{FAE04EC0-301F-11D3-BF4B-00C04F79EFBC}") = "WebApplication7", "WebApplication7\WebApplication7.csproj", "{B52C371F-831A-4CBA-B0E3-F753D160614B}"
EndProject
Global
	GlobalSection(SolutionConfigurationPlatforms) = preSolution
		Debug|Any CPU = Debug|Any CPU
		Release|Any CPU = Release|Any CPU
	EndGlobalSection
	GlobalSection(ProjectConfigurationPlatforms) = postSolution
		{B52C371F-831A-4CBA-B0E3-F753D160614B}.Debug|Any CPU.ActiveCfg = Debug|Any CPU
		{B52C371F-831A-4CBA-B0E3-F753D160614B}.Debug|Any CPU.Build.0 = Debug|Any CPU
		{B52C371F-831A-4CBA-B0E3-F753D160614B}.Release|Any CPU.ActiveCfg = Release|Any CPU
		{B52C371F-831A-4CBA-B0E3-F753D160614B}.Release|Any CPU.Build.0 = Release|Any CPU
	EndGlobalSection
	GlobalSection(SolutionProperties) = preSolution
		HideSolutionNode = FALSE
	EndGlobalSection
	GlobalSection(ExtensibilityGlobals) = postSolution
		SolutionGuid = {79532FDC-FF41-4665-B426-B60D6D7B56BF}
	EndGlobalSection
EndGlobal
